{
  "name": "malmojs-2026",
  "version": "1.0.0",
  "lockfileVersion": 3,
  "requires": true,
  "packages": {
    "": {
      "name": "malmojs-2026",
      "version": "1.0.0",
      "license": "ISC",
      "dependencies": {
        "@nxtedition/scheduler": "^3.0.12",
        "@nxtedition/shared": "^1.0.13",
        "@nxtedition/slice": "^1.0.10",
        "@nxtedition/timers": "^1.0.2",
        "@nxtedition/yield": "^1.0.11",
        "lru-cache": "^11.2.6",
        "mitata": "^1.0.34",
        "reveal.js": "^5.2.1"
      }
    },
    "node_modules/@nxtedition/scheduler": {
      "version": "3.0.12",
      "resolved": "https://registry.npmjs.org/@nxtedition/scheduler/-/scheduler-3.0.12.tgz",
      "integrity": "sha512-b4jl31A71YROOpgnswRTSi0KmPce4hGpadbXqTawkoAaf/ksdchaKdIYtxAhhSVuv0KFc8PFfOX5SWnKSwZIlA==",
      "license": "MIT"
    },
    "node_modules/@nxtedition/shared": {
      "version": "1.0.13",
      "resolved": "https://registry.npmjs.org/@nxtedition/shared/-/shared-1.0.13.tgz",
      "integrity": "sha512-EAdokY0+OPT/5ckbu/fayILXwT13aVichcTrdK7/DOByp9YIvEhDRS+Nqf8Z/VkQh7+vqKyVPXrZkOr1VBK2Yg==",
      "license": "MIT"
    },
    "node_modules/@nxtedition/slice": {
      "version": "1.0.10",
      "resolved": "https://registry.npmjs.org/@nxtedition/slice/-/slice-1.0.10.tgz",
      "integrity": "sha512-1w4xfwEyU8kwJ6lsErT8EaciS7m/VL0c58ANfcQWKa2h0nyfVjzCfp1afbZtG+o0Y2EoqiXNEfcoiT7Guo9lNg==",
      "license": "MIT"
    },
    "node_modules/@nxtedition/timers": {
      "version": "1.0.2",
      "resolved": "https://registry.npmjs.org/@nxtedition/timers/-/timers-1.0.2.tgz",
      "integrity": "sha512-v7eyAH/UNFpPM7Wq9GfaHeVKud3BdGDZDOgaEiqaCqs+rsAsx0MVLtoe3kpZl6lNd7fahcb3GOZPSrKQTCcyzQ==",
      "license": "MIT"
    },
    "node_modules/@nxtedition/yield": {
      "version": "1.0.11",
      "resolved": "https://registry.npmjs.org/@nxtedition/yield/-/yield-1.0.11.tgz",
      "integrity": "sha512-KW+1n1f2youMoB2m+8wVCH02dU3ZZJVOeuQMivM5SS8zygg4lH6+ul963w6EWVTltBUArxiS1wReHgfstIRADw==",
      "license": "MIT"
    },
    "node_modules/lru-cache": {
      "version": "11.2.6",
      "resolved": "https://registry.npmjs.org/lru-cache/-/lru-cache-11.2.6.tgz",
      "integrity": "sha512-ESL2CrkS/2wTPfuend7Zhkzo2u0daGJ/A2VucJOgQ/C48S/zB8MMeMHSGKYpXhIjbPxfuezITkaBH1wqv00DDQ==",
      "license": "BlueOak-1.0.0",
      "engines": {
        "node": "20 || >=22"
      }
    },
    "node_modules/mitata": {
      "version": "1.0.34",
      "resolved": "https://registry.npmjs.org/mitata/-/mitata-1.0.34.tgz",
      "integrity": "sha512-Mc3zrtNBKIMeHSCQ0XqRLo1vbdIx1wvFV9c8NJAiyho6AjNfMY8bVhbS12bwciUdd1t4rj8099CH3N3NFahaUA==",
      "license": "MIT"
    },
    "node_modules/reveal.js": {
      "version": "5.2.1",
      "resolved": "https://registry.npmjs.org/reveal.js/-/reveal.js-5.2.1.tgz",
      "integrity": "sha512-r7//6mIM5p34hFiDMvYfXgyjXqGRta+/psd9YtytsgRlrpRzFv4RbH76TXd2qD+7ZPZEbpBDhdRhJaFgfQ7zNQ==",
      "license": "MIT",
      "engines": {
        "node": ">=18.0.0"
      }
    }
  }
}
